
Microsoft Visual Studio Solution File, Format Version 12.00
# Visual Studio Version 17
VisualStudioVersion = 17.3.32901.215
MinimumVisualStudioVersion = 10.0.40219.1
Project("{8BC9CEB8-8B4A-11D0-8D11-00A0C91BC942}") = "ConsoleApplication6", "ConsoleApplication6\ConsoleApplication6.vcxproj", "{9E609C5D-F5EB-4DA9-A2E3-3A5A2B7D57AD}"
EndProject
Global
	GlobalSection(SolutionConfigurationPlatforms) = preSolution
		Debug|x64 = Debug|x64
		Debug|x86 = Debug|x86
		Release|x64 = Release|x64
		Release|x86 = Release|x86
	EndGlobalSection
	GlobalSection(ProjectConfigurationPlatforms) = postSolution
		{9E609C5D-F5EB-4DA9-A2E3-3A5A2B7D57AD}.Debug|x64.ActiveCfg = Debug|x64
		{9E609C5D-F5EB-4DA9-A2E3-3A5A2B7D57AD}.Debug|x64.Build.0 = Debug|x64
		{9E609C5D-F5EB-4DA9-A2E3-3A5A2B7D57AD}.Debug|x86.ActiveCfg = Debug|Win32
		{9E609C5D-F5EB-4DA9-A2E3-3A5A2B7D57AD}.Debug|x86.Build.0 = Debug|Win32
		{9E609C5D-F5EB-4DA9-A2E3-3A5A2B7D57AD}.Release|x64.ActiveCfg = Release|x64
		{9E609C5D-F5EB-4DA9-A2E3-3A5A2B7D57AD}.Release|x64.Build.0 = Release|x64
		{9E609C5D-F5EB-4DA9-A2E3-3A5A2B7D57AD}.Release|x86.ActiveCfg = Release|Win32
		{9E609C5D-F5EB-4DA9-A2E3-3A5A2B7D57AD}.Release|x86.Build.0 = Release|Win32
	EndGlobalSection
	GlobalSection(SolutionProperties) = preSolution
		HideSolutionNode = FALSE
	EndGlobalSection
	GlobalSection(ExtensibilityGlobals) = postSolution
		SolutionGuid = {79A3C5A4-53BD-40F6-BAF0-BC7C3424AAE5}
	EndGlobalSection
EndGlobal
